// !$*UTF8*$!
{
	archiveVersion = 1;
	classes = {
	};
	objectVersion = 46;
	objects = {

/* Begin PBXBuildFile section */
		1A05AE171C019F8900FD5C9B /* AudioUnitLibrary.swift in Sources */ = {isa = PBXBuildFile; fileRef = 1A05AE161C019F8900FD5C9B /* AudioUnitLibrary.swift */; };
		1A05AE181C019F8900FD5C9B /* AudioUnitLibrary.swift in Sources */ = {isa = PBXBuildFile; fileRef = 1A05AE161C019F8900FD5C9B /* AudioUnitLibrary.swift */; };
		1A05AE191C019F8900FD5C9B /* AudioUnitLibrary.swift in Sources */ = {isa = PBXBuildFile; fileRef = 1A05AE161C019F8900FD5C9B /* AudioUnitLibrary.swift */; };
		1A879BF11BF0D9F60060BCE0 /* Assets.xcassets in Resources */ = {isa = PBXBuildFile; fileRef = 1A879BF01BF0D9F60060BCE0 /* Assets.xcassets */; };
		1A879BFF1BF0D9F60060BCE0 /* simplefmTests.swift in Sources */ = {isa = PBXBuildFile; fileRef = 1A879BFE1BF0D9F60060BCE0 /* simplefmTests.swift */; };
		1A879C0A1BF0D9F60060BCE0 /* simplefmUITests.swift in Sources */ = {isa = PBXBuildFile; fileRef = 1A879C091BF0D9F60060BCE0 /* simplefmUITests.swift */; };
		1A879C1C1BF0DA8D0060BCE0 /* AppDelegate.swift in Sources */ = {isa = PBXBuildFile; fileRef = 1A879C1B1BF0DA8D0060BCE0 /* AppDelegate.swift */; };
		1A879C271BF0DCDC0060BCE0 /* MainViewController.swift in Sources */ = {isa = PBXBuildFile; fileRef = 1A879C261BF0DCDC0060BCE0 /* MainViewController.swift */; };
		1A879C2D1BF240F30060BCE0 /* MainView.xib in Resources */ = {isa = PBXBuildFile; fileRef = 1A879C2B1BF240F30060BCE0 /* MainView.xib */; };
		1A879C311BF241490060BCE0 /* RemoteOutputLibrary.swift in Sources */ = {isa = PBXBuildFile; fileRef = 1A879C301BF241490060BCE0 /* RemoteOutputLibrary.swift */; };
/* End PBXBuildFile section */

/* Begin PBXContainerItemProxy section */
		1A879BFB1BF0D9F60060BCE0 /* PBXContainerItemProxy */ = {
			isa = PBXContainerItemProxy;
			containerPortal = 1A879BDE1BF0D9F60060BCE0 /* Project object */;
			proxyType = 1;
			remoteGlobalIDString = 1A879BE51BF0D9F60060BCE0;
			remoteInfo = simplefm;
		};
		1A879C061BF0D9F60060BCE0 /* PBXContainerItemProxy */ = {
			isa = PBXContainerItemProxy;
			containerPortal = 1A879BDE1BF0D9F60060BCE0 /* Project object */;
			proxyType = 1;
			remoteGlobalIDString = 1A879BE51BF0D9F60060BCE0;
			remoteInfo = simplefm;
		};
/* End PBXContainerItemProxy section */

/* Begin PBXFileReference section */
		1A05AE161C019F8900FD5C9B /* AudioUnitLibrary.swift */ = {isa = PBXFileReference; fileEncoding = 4; lastKnownFileType = sourcecode.swift; name = AudioUnitLibrary.swift; path = Classes/Library/AudioUnitLibrary.swift; sourceTree = "<group>"; };
		1A879BE61BF0D9F60060BCE0 /* simplefm.app */ = {isa = PBXFileReference; explicitFileType = wrapper.application; includeInIndex = 0; path = simplefm.app; sourceTree = BUILT_PRODUCTS_DIR; };
		1A879BF01BF0D9F60060BCE0 /* Assets.xcassets */ = {isa = PBXFileReference; lastKnownFileType = folder.assetcatalog; path = Assets.xcassets; sourceTree = "<group>"; };
		1A879BF51BF0D9F60060BCE0 /* Info.plist */ = {isa = PBXFileReference; lastKnownFileType = text.plist.xml; path = Info.plist; sourceTree = "<group>"; };
		1A879BFA1BF0D9F60060BCE0 /* simplefmTests.xctest */ = {isa = PBXFileReference; explicitFileType = wrapper.cfbundle; includeInIndex = 0; path = simplefmTests.xctest; sourceTree = BUILT_PRODUCTS_DIR; };
		1A879BFE1BF0D9F60060BCE0 /* simplefmTests.swift */ = {isa = PBXFileReference; lastKnownFileType = sourcecode.swift; path = simplefmTests.swift; sourceTree = "<group>"; };
		1A879C001BF0D9F60060BCE0 /* Info.plist */ = {isa = PBXFileReference; lastKnownFileType = text.plist.xml; path = Info.plist; sourceTree = "<group>"; };
		1A879C051BF0D9F60060BCE0 /* simplefmUITests.xctest */ = {isa = PBXFileReference; explicitFileType = wrapper.cfbundle; includeInIndex = 0; path = simplefmUITests.xctest; sourceTree = BUILT_PRODUCTS_DIR; };
		1A879C091BF0D9F60060BCE0 /* simplefmUITests.swift */ = {isa = PBXFileReference; lastKnownFileType = sourcecode.swift; path = simplefmUITests.swift; sourceTree = "<group>"; };
		1A879C0B1BF0D9F60060BCE0 /* Info.plist */ = {isa = PBXFileReference; lastKnownFileType = text.plist.xml; path = Info.plist; sourceTree = "<group>"; };
		1A879C1B1BF0DA8D0060BCE0 /* AppDelegate.swift */ = {isa = PBXFileReference; fileEncoding = 4; lastKnownFileType = sourcecode.swift; name = AppDelegate.swift; path = Classes/Delegate/AppDelegate.swift; sourceTree = "<group>"; };
		1A879C261BF0DCDC0060BCE0 /* MainViewController.swift */ = {isa = PBXFileReference; fileEncoding = 4; lastKnownFileType = sourcecode.swift; name = MainViewController.swift; path = Classes/Controller/MainViewController.swift; sourceTree = "<group>"; };
		1A879C2C1BF240F30060BCE0 /* Base */ = {isa = PBXFileReference; lastKnownFileType = file.xib; name = Base; path = Classes/View/Base.lproj/MainView.xib; sourceTree = "<group>"; };
		1A879C301BF241490060BCE0 /* RemoteOutputLibrary.swift */ = {isa = PBXFileReference; fileEncoding = 4; lastKnownFileType = sourcecode.swift; name = RemoteOutputLibrary.swift; path = Classes/Library/RemoteOutputLibrary.swift; sourceTree = "<group>"; };
/* End PBXFileReference section */

/* Begin PBXFrameworksBuildPhase section */
		1A879BE31BF0D9F60060BCE0 /* Frameworks */ = {
			isa = PBXFrameworksBuildPhase;
			buildActionMask = 2147483647;
			files = (
			);
			runOnlyForDeploymentPostprocessing = 0;
		};
		1A879BF71BF0D9F60060BCE0 /* Frameworks */ = {
			isa = PBXFrameworksBuildPhase;
			buildActionMask = 2147483647;
			files = (
			);
			runOnlyForDeploymentPostprocessing = 0;
		};
		1A879C021BF0D9F60060BCE0 /* Frameworks */ = {
			isa = PBXFrameworksBuildPhase;
			buildActionMask = 2147483647;
			files = (
			);
			runOnlyForDeploymentPostprocessing = 0;
		};
/* End PBXFrameworksBuildPhase section */

/* Begin PBXGroup section */
		1A879BDD1BF0D9F60060BCE0 = {
			isa = PBXGroup;
			children = (
				1A879BE81BF0D9F60060BCE0 /* simplefm */,
				1A879BFD1BF0D9F60060BCE0 /* simplefmTests */,
				1A879C081BF0D9F60060BCE0 /* simplefmUITests */,
				1A879BE71BF0D9F60060BCE0 /* Products */,
			);
			sourceTree = "<group>";
		};
		1A879BE71BF0D9F60060BCE0 /* Products */ = {
			isa = PBXGroup;
			children = (
				1A879BE61BF0D9F60060BCE0 /* simplefm.app */,
				1A879BFA1BF0D9F60060BCE0 /* simplefmTests.xctest */,
				1A879C051BF0D9F60060BCE0 /* simplefmUITests.xctest */,
			);
			name = Products;
			sourceTree = "<group>";
		};
		1A879BE81BF0D9F60060BCE0 /* simplefm */ = {
			isa = PBXGroup;
			children = (
				1A879C171BF0DA660060BCE0 /* Classes */,
				1A879BF01BF0D9F60060BCE0 /* Assets.xcassets */,
				1A879BF51BF0D9F60060BCE0 /* Info.plist */,
			);
			path = simplefm;
			sourceTree = "<group>";
		};
		1A879BFD1BF0D9F60060BCE0 /* simplefmTests */ = {
			isa = PBXGroup;
			children = (
				1A879BFE1BF0D9F60060BCE0 /* simplefmTests.swift */,
				1A879C001BF0D9F60060BCE0 /* Info.plist */,
			);
			path = simplefmTests;
			sourceTree = "<group>";
		};
		1A879C081BF0D9F60060BCE0 /* simplefmUITests */ = {
			isa = PBXGroup;
			children = (
				1A879C091BF0D9F60060BCE0 /* simplefmUITests.swift */,
				1A879C0B1BF0D9F60060BCE0 /* Info.plist */,
			);
			path = simplefmUITests;
			sourceTree = "<group>";
		};
		1A879C171BF0DA660060BCE0 /* Classes */ = {
			isa = PBXGroup;
			children = (
				1A879C2A1BF240C60060BCE0 /* Library */,
				1A879C1A1BF0DA7E0060BCE0 /* View */,
				1A879C191BF0DA750060BCE0 /* Delegate */,
				1A879C181BF0DA6F0060BCE0 /* Controller */,
			);
			name = Classes;
			sourceTree = "<group>";
		};
		1A879C181BF0DA6F0060BCE0 /* Controller */ = {
			isa = PBXGroup;
			children = (
				1A879C261BF0DCDC0060BCE0 /* MainViewController.swift */,
			);
			name = Controller;
			sourceTree = "<group>";
		};
		1A879C191BF0DA750060BCE0 /* Delegate */ = {
			isa = PBXGroup;
			children = (
				1A879C1B1BF0DA8D0060BCE0 /* AppDelegate.swift */,
			);
			name = Delegate;
			sourceTree = "<group>";
		};
		1A879C1A1BF0DA7E0060BCE0 /* View */ = {
			isa = PBXGroup;
			children = (
				1A879C1F1BF0DAF30060BCE0 /* Base.lproj */,
			);
			name = View;
			sourceTree = "<group>";
		};
		1A879C1F1BF0DAF30060BCE0 /* Base.lproj */ = {
			isa = PBXGroup;
			children = (
				1A879C2B1BF240F30060BCE0 /* MainView.xib */,
			);
			name = Base.lproj;
			sourceTree = "<group>";
		};
		1A879C2A1BF240C60060BCE0 /* Library */ = {
			isa = PBXGroup;
			children = (
				1A879C301BF241490060BCE0 /* RemoteOutputLibrary.swift */,
				1A05AE161C019F8900FD5C9B /* AudioUnitLibrary.swift */,
			);
			name = Library;
			sourceTree = "<group>";
		};
/* End PBXGroup section */

/* Begin PBXNativeTarget section */
		1A879BE51BF0D9F60060BCE0 /* simplefm */ = {
			isa = PBXNativeTarget;
			buildConfigurationList = 1A879C0E1BF0D9F60060BCE0 /* Build configuration list for PBXNativeTarget "simplefm" */;
			buildPhases = (
				1A879BE21BF0D9F60060BCE0 /* Sources */,
				1A879BE31BF0D9F60060BCE0 /* Frameworks */,
				1A879BE41BF0D9F60060BCE0 /* Resources */,
			);
			buildRules = (
			);
			dependencies = (
			);
			name = simplefm;
			productName = simplefm;
			productReference = 1A879BE61BF0D9F60060BCE0 /* simplefm.app */;
			productType = "com.apple.product-type.application";
		};
		1A879BF91BF0D9F60060BCE0 /* simplefmTests */ = {
			isa = PBXNativeTarget;
			buildConfigurationList = 1A879C111BF0D9F60060BCE0 /* Build configuration list for PBXNativeTarget "simplefmTests" */;
			buildPhases = (
				1A879BF61BF0D9F60060BCE0 /* Sources */,
				1A879BF71BF0D9F60060BCE0 /* Frameworks */,
				1A879BF81BF0D9F60060BCE0 /* Resources */,
			);
			buildRules = (
			);
			dependencies = (
				1A879BFC1BF0D9F60060BCE0 /* PBXTargetDependency */,
			);
			name = simplefmTests;
			productName = simplefmTests;
			productReference = 1A879BFA1BF0D9F60060BCE0 /* simplefmTests.xctest */;
			productType = "com.apple.product-type.bundle.unit-test";
		};
		1A879C041BF0D9F60060BCE0 /* simplefmUITests */ = {
			isa = PBXNativeTarget;
			buildConfigurationList = 1A879C141BF0D9F60060BCE0 /* Build configuration list for PBXNativeTarget "simplefmUITests" */;
			buildPhases = (
				1A879C011BF0D9F60060BCE0 /* Sources */,
				1A879C021BF0D9F60060BCE0 /* Frameworks */,
				1A879C031BF0D9F60060BCE0 /* Resources */,
			);
			buildRules = (
			);
			dependencies = (
				1A879C071BF0D9F60060BCE0 /* PBXTargetDependency */,
			);
			name = simplefmUITests;
			productName = simplefmUITests;
			productReference = 1A879C051BF0D9F60060BCE0 /* simplefmUITests.xctest */;
			productType = "com.apple.product-type.bundle.ui-testing";
		};
/* End PBXNativeTarget section */

/* Begin PBXProject section */
		1A879BDE1BF0D9F60060BCE0 /* Project object */ = {
			isa = PBXProject;
			attributes = {
				LastSwiftUpdateCheck = 0710;
				LastUpgradeCheck = 0710;
				ORGANIZATIONNAME = fracmode;
				TargetAttributes = {
					1A879BE51BF0D9F60060BCE0 = {
						CreatedOnToolsVersion = 7.1;
					};
					1A879BF91BF0D9F60060BCE0 = {
						CreatedOnToolsVersion = 7.1;
						TestTargetID = 1A879BE51BF0D9F60060BCE0;
					};
					1A879C041BF0D9F60060BCE0 = {
						CreatedOnToolsVersion = 7.1;
						TestTargetID = 1A879BE51BF0D9F60060BCE0;
					};
				};
			};
			buildConfigurationList = 1A879BE11BF0D9F60060BCE0 /* Build configuration list for PBXProject "simplefm" */;
			compatibilityVersion = "Xcode 3.2";
			developmentRegion = English;
			hasScannedForEncodings = 0;
			knownRegions = (
				en,
				Base,
			);
			mainGroup = 1A879BDD1BF0D9F60060BCE0;
			productRefGroup = 1A879BE71BF0D9F60060BCE0 /* Products */;
			projectDirPath = "";
			projectRoot = "";
			targets = (
				1A879BE51BF0D9F60060BCE0 /* simplefm */,
				1A879BF91BF0D9F60060BCE0 /* simplefmTests */,
				1A879C041BF0D9F60060BCE0 /* simplefmUITests */,
			);
		};
/* End PBXProject section */

/* Begin PBXResourcesBuildPhase section */
		1A879BE41BF0D9F60060BCE0 /* Resources */ = {
			isa = PBXResourcesBuildPhase;
			buildActionMask = 2147483647;
			files = (
				1A879C2D1BF240F30060BCE0 /* MainView.xib in Resources */,
				1A879BF11BF0D9F60060BCE0 /* Assets.xcassets in Resources */,
			);
			runOnlyForDeploymentPostprocessing = 0;
		};
		1A879BF81BF0D9F60060BCE0 /* Resources */ = {
			isa = PBXResourcesBuildPhase;
			buildActionMask = 2147483647;
			files = (
			);
			runOnlyForDeploymentPostprocessing = 0;
		};
		1A879C031BF0D9F60060BCE0 /* Resources */ = {
			isa = PBXResourcesBuildPhase;
			buildActionMask = 2147483647;
			files = (
			);
			runOnlyForDeploymentPostprocessing = 0;
		};
/* End PBXResourcesBuildPhase section */

/* Begin PBXSourcesBuildPhase section */
		1A879BE21BF0D9F60060BCE0 /* Sources */ = {
			isa = PBXSourcesBuildPhase;
			buildActionMask = 2147483647;
			files = (
				1A05AE171C019F8900FD5C9B /* AudioUnitLibrary.swift in Sources */,
				1A879C1C1BF0DA8D0060BCE0 /* AppDelegate.swift in Sources */,
				1A879C271BF0DCDC0060BCE0 /* MainViewController.swift in Sources */,
				1A879C311BF241490060BCE0 /* RemoteOutputLibrary.swift in Sources */,
			);
			runOnlyForDeploymentPostprocessing = 0;
		};
		1A879BF61BF0D9F60060BCE0 /* Sources */ = {
			isa = PBXSourcesBuildPhase;
			buildActionMask = 2147483647;
			files = (
				1A05AE181C019F8900FD5C9B /* AudioUnitLibrary.swift in Sources */,
				1A879BFF1BF0D9F60060BCE0 /* simplefmTests.swift in Sources */,
			);
			runOnlyForDeploymentPostprocessing = 0;
		};
		1A879C011BF0D9F60060BCE0 /* Sources */ = {
			isa = PBXSourcesBuildPhase;
			buildActionMask = 2147483647;
			files = (
				1A05AE191C019F8900FD5C9B /* AudioUnitLibrary.swift in Sources */,
				1A879C0A1BF0D9F60060BCE0 /* simplefmUITests.swift in Sources */,
			);
			runOnlyForDeploymentPostprocessing = 0;
		};
/* End PBXSourcesBuildPhase section */

/* Begin PBXTargetDependency section */
		1A879BFC1BF0D9F60060BCE0 /* PBXTargetDependency */ = {
			isa = PBXTargetDependency;
			target = 1A879BE51BF0D9F60060BCE0 /* simplefm */;
			targetProxy = 1A879BFB1BF0D9F60060BCE0 /* PBXContainerItemProxy */;
		};
		1A879C071BF0D9F60060BCE0 /* PBXTargetDependency */ = {
			isa = PBXTargetDependency;
			target = 1A879BE51BF0D9F60060BCE0 /* simplefm */;
			targetProxy = 1A879C061BF0D9F60060BCE0 /* PBXContainerItemProxy */;
		};
/* End PBXTargetDependency section */

/* Begin PBXVariantGroup section */
		1A879C2B1BF240F30060BCE0 /* MainView.xib */ = {
			isa = PBXVariantGroup;
			children = (
				1A879C2C1BF240F30060BCE0 /* Base */,
			);
			name = MainView.xib;
			sourceTree = "<group>";
		};
/* End PBXVariantGroup section */

/* Begin XCBuildConfiguration section */
		1A879C0C1BF0D9F60060BCE0 /* Debug */ = {
			isa = XCBuildConfiguration;
			buildSettings = {
				ALWAYS_SEARCH_USER_PATHS = NO;
				CLANG_CXX_LANGUAGE_STANDARD = "gnu++0x";
				CLANG_CXX_LIBRARY = "libc++";
				CLANG_ENABLE_MODULES = YES;
				CLANG_ENABLE_OBJC_ARC = YES;
				CLANG_WARN_BOOL_CONVERSION = YES;
				CLANG_WARN_CONSTANT_CONVERSION = YES;
				CLANG_WARN_DIRECT_OBJC_ISA_USAGE = YES_ERROR;
				CLANG_WARN_EMPTY_BODY = YES;
				CLANG_WARN_ENUM_CONVERSION = YES;
				CLANG_WARN_INT_CONVERSION = YES;
				CLANG_WARN_OBJC_ROOT_CLASS = YES_ERROR;
				CLANG_WARN_UNREACHABLE_CODE = YES;
				CLANG_WARN__DUPLICATE_METHOD_MATCH = YES;
				"CODE_SIGN_IDENTITY[sdk=iphoneos*]" = "iPhone Developer";
				COPY_PHASE_STRIP = NO;
				DEBUG_INFORMATION_FORMAT = dwarf;
				ENABLE_STRICT_OBJC_MSGSEND = YES;
				ENABLE_TESTABILITY = YES;
				GCC_C_LANGUAGE_STANDARD = gnu99;
				GCC_DYNAMIC_NO_PIC = NO;
				GCC_NO_COMMON_BLOCKS = YES;
				GCC_OPTIMIZATION_LEVEL = 0;
				GCC_PREPROCESSOR_DEFINITIONS = (
					"DEBUG=1",
					"$(inherited)",
				);
				GCC_WARN_64_TO_32_BIT_CONVERSION = YES;
				GCC_WARN_ABOUT_RETURN_TYPE = YES_ERROR;
				GCC_WARN_UNDECLARED_SELECTOR = YES;
				GCC_WARN_UNINITIALIZED_AUTOS = YES_AGGRESSIVE;
				GCC_WARN_UNUSED_FUNCTION = YES;
				GCC_WARN_UNUSED_VARIABLE = YES;
				IPHONEOS_DEPLOYMENT_TARGET = 9.1;
				MTL_ENABLE_DEBUG_INFO = YES;
				ONLY_ACTIVE_ARCH = YES;
				SDKROOT = iphoneos;
				SWIFT_OPTIMIZATION_LEVEL = "-Onone";
				TARGETED_DEVICE_FAMILY = "1,2";
			};
			name = Debug;
		};
		1A879C0D1BF0D9F60060BCE0 /* Release */ = {
			isa = XCBuildConfiguration;
			buildSettings = {
				ALWAYS_SEARCH_USER_PATHS = NO;
				CLANG_CXX_LANGUAGE_STANDARD = "gnu++0x";
				CLANG_CXX_LIBRARY = "libc++";
				CLANG_ENABLE_MODULES = YES;
				CLANG_ENABLE_OBJC_ARC = YES;
				CLANG_WARN_BOOL_CONVERSION = YES;
				CLANG_WARN_CONSTANT_CONVERSION = YES;
				CLANG_WARN_DIRECT_OBJC_ISA_USAGE = YES_ERROR;
				CLANG_WARN_EMPTY_BODY = YES;
				CLANG_WARN_ENUM_CONVERSION = YES;
				CLANG_WARN_INT_CONVERSION = YES;
				CLANG_WARN_OBJC_ROOT_CLASS = YES_ERROR;
				CLANG_WARN_UNREACHABLE_CODE = YES;
				CLANG_WARN__DUPLICATE_METHOD_MATCH = YES;
				"CODE_SIGN_IDENTITY[sdk=iphoneos*]" = "iPhone Developer";
				COPY_PHASE_STRIP = NO;
				DEBUG_INFORMATION_FORMAT = "dwarf-with-dsym";
				ENABLE_NS_ASSERTIONS = NO;
				ENABLE_STRICT_OBJC_MSGSEND = YES;
				GCC_C_LANGUAGE_STANDARD = gnu99;
				GCC_NO_COMMON_BLOCKS = YES;
				GCC_WARN_64_TO_32_BIT_CONVERSION = YES;
				GCC_WARN_ABOUT_RETURN_TYPE = YES_ERROR;
				GCC_WARN_UNDECLARED_SELECTOR = YES;
				GCC_WARN_UNINITIALIZED_AUTOS = YES_AGGRESSIVE;
				GCC_WARN_UNUSED_FUNCTION = YES;
				GCC_WARN_UNUSED_VARIABLE = YES;
				IPHONEOS_DEPLOYMENT_TARGET = 9.1;
				MTL_ENABLE_DEBUG_INFO = NO;
				SDKROOT = iphoneos;
				TARGETED_DEVICE_FAMILY = "1,2";
				VALIDATE_PRODUCT = YES;
			};
			name = Release;
		};
		1A879C0F1BF0D9F60060BCE0 /* Debug */ = {
			isa = XCBuildConfiguration;
			buildSettings = {
				ASSETCATALOG_COMPILER_APPICON_NAME = AppIcon;
				ASSETCATALOG_COMPILER_LAUNCHIMAGE_NAME = "Brand Assets";
				CLANG_ENABLE_MODULES = YES;
				INFOPLIST_FILE = simplefm/Info.plist;
				IPHONEOS_DEPLOYMENT_TARGET = 7.0;
				LD_RUNPATH_SEARCH_PATHS = "$(inherited) @executable_path/Frameworks";
				PRODUCT_BUNDLE_IDENTIFIER = com.fracmode.simplefm;
				PRODUCT_NAME = "$(TARGET_NAME)";
				SWIFT_OPTIMIZATION_LEVEL = "-Onone";
			};
			name = Debug;
		};
		1A879C101BF0D9F60060BCE0 /* Release */ = {
			isa = XCBuildConfiguration;
			buildSettings = {
				ASSETCATALOG_COMPILER_APPICON_NAME = AppIcon;
				ASSETCATALOG_COMPILER_LAUNCHIMAGE_NAME = "Brand Assets";
				CLANG_ENABLE_MODULES = YES;
				INFOPLIST_FILE = simplefm/Info.plist;
				IPHONEOS_DEPLOYMENT_TARGET = 7.0;
				LD_RUNPATH_SEARCH_PATHS = "$(inherited) @executable_path/Frameworks";
				PRODUCT_BUNDLE_IDENTIFIER = com.fracmode.simplefm;
				PRODUCT_NAME = "$(TARGET_NAME)";
			};
			name = Release;
		};
		1A879C121BF0D9F60060BCE0 /* Debug */ = {
			isa = XCBuildConfiguration;
			buildSettings = {
				BUNDLE_LOADER = "$(TEST_HOST)";
				INFOPLIST_FILE = simplefmTests/Info.plist;
				LD_RUNPATH_SEARCH_PATHS = "$(inherited) @executable_path/Frameworks @loader_path/Frameworks";
				PRODUCT_BUNDLE_IDENTIFIER = com.fracmode.simplefmTests;
				PRODUCT_NAME = "$(TARGET_NAME)";
				TEST_HOST = "$(BUILT_PRODUCTS_DIR)/simplefm.app/simplefm";
			};
			name = Debug;
		};
		1A879C131BF0D9F60060BCE0 /* Release */ = {
			isa = XCBuildConfiguration;
			buildSettings = {
				BUNDLE_LOADER = "$(TEST_HOST)";
				INFOPLIST_FILE = simplefmTests/Info.plist;
				LD_RUNPATH_SEARCH_PATHS = "$(inherited) @executable_path/Frameworks @loader_path/Frameworks";
				PRODUCT_BUNDLE_IDENTIFIER = com.fracmode.simplefmTests;
				PRODUCT_NAME = "$(TARGET_NAME)";
				TEST_HOST = "$(BUILT_PRODUCTS_DIR)/simplefm.app/simplefm";
			};
			name = Release;
		};
		1A879C151BF0D9F60060BCE0 /* Debug */ = {
			isa = XCBuildConfiguration;
			buildSettings = {
				INFOPLIST_FILE = simplefmUITests/Info.plist;
				LD_RUNPATH_SEARCH_PATHS = "$(inherited) @executable_path/Frameworks @loader_path/Frameworks";
				PRODUCT_BUNDLE_IDENTIFIER = com.fracmode.simplefmUITests;
				PRODUCT_NAME = "$(TARGET_NAME)";
				TEST_TARGET_NAME = simplefm;
				USES_XCTRUNNER = YES;
			};
			name = Debug;
		};
		1A879C161BF0D9F60060BCE0 /* Release */ = {
			isa = XCBuildConfiguration;
			buildSettings = {
				INFOPLIST_FILE = simplefmUITests/Info.plist;
				LD_RUNPATH_SEARCH_PATHS = "$(inherited) @executable_path/Frameworks @loader_path/Frameworks";
				PRODUCT_BUNDLE_IDENTIFIER = com.fracmode.simplefmUITests;
				PRODUCT_NAME = "$(TARGET_NAME)";
				TEST_TARGET_NAME = simplefm;
				USES_XCTRUNNER = YES;
			};
			name = Release;
		};
/* End XCBuildConfiguration section */

/* Begin XCConfigurationList section */
		1A879BE11BF0D9F60060BCE0 /* Build configuration list for PBXProject "simplefm" */ = {
			isa = XCConfigurationList;
			buildConfigurations = (
				1A879C0C1BF0D9F60060BCE0 /* Debug */,
				1A879C0D1BF0D9F60060BCE0 /* Release */,
			);
			defaultConfigurationIsVisible = 0;
			defaultConfigurationName = Release;
		};
		1A879C0E1BF0D9F60060BCE0 /* Build configuration list for PBXNativeTarget "simplefm" */ = {
			isa = XCConfigurationList;
			buildConfigurations = (
				1A879C0F1BF0D9F60060BCE0 /* Debug */,
				1A879C101BF0D9F60060BCE0 /* Release */,
			);
			defaultConfigurationIsVisible = 0;
			defaultConfigurationName = Release;
		};
		1A879C111BF0D9F60060BCE0 /* Build configuration list for PBXNativeTarget "simplefmTests" */ = {
			isa = XCConfigurationList;
			buildConfigurations = (
				1A879C121BF0D9F60060BCE0 /* Debug */,
				1A879C131BF0D9F60060BCE0 /* Release */,
			);
			defaultConfigurationIsVisible = 0;
			defaultConfigurationName = Release;
		};
		1A879C141BF0D9F60060BCE0 /* Build configuration list for PBXNativeTarget "simplefmUITests" */ = {
			isa = XCConfigurationList;
			buildConfigurations = (
				1A879C151BF0D9F60060BCE0 /* Debug */,
				1A879C161BF0D9F60060BCE0 /* Release */,
			);
			defaultConfigurationIsVisible = 0;
			defaultConfigurationName = Release;
		};
/* End XCConfigurationList section */
	};
	rootObject = 1A879BDE1BF0D9F60060BCE0 /* Project object */;
}
